{
  "nodes": {
    "flakeNimbleLib": {
      "inputs": {
        "nixpkgs": [
          "nixpkgs"
        ]
      },
      "locked": {
        "lastModified": 1662018438,
        "narHash": "sha256-QtNtU6+LX3Wokxf0zlFwKTFOcn6TeDjKQZ+DA9OYtvM=",
        "owner": "riinr",
        "repo": "nim-flakes-lib",
        "rev": "b1fe8340736e3a85d25c709ac3dfd82a55c03cbf",
        "type": "github"
      },
      "original": {
        "owner": "riinr",
        "ref": "master",
        "repo": "nim-flakes-lib",
        "type": "github"
      }
    },
    "moss_nim-main": {
      "inputs": {
        "flakeNimbleLib": [
          "flakeNimbleLib"
        ],
        "nixpkgs": [
          "nixpkgs"
        ],
        "src-moss_nim-main": "src-moss_nim-main"
      },
      "locked": {
        "dir": "main",
        "lastModified": 1662254618,
        "narHash": "sha256-iuiO/S0UgknvHjLIuqsBqUk0Gajxc9VdLzvk7vXNl84=",
        "owner": "nim-nix-pkgs",
        "repo": "moss_nim",
        "rev": "1e538bfb3bcaf69be79f3235b0e3326b5f2f776c",
        "type": "github"
      },
      "original": {
        "dir": "main",
        "owner": "nim-nix-pkgs",
        "ref": "master",
        "repo": "moss_nim",
        "type": "github"
      }
    },
    "nixpkgs": {
      "locked": {
        "lastModified": 1667110639,
        "narHash": "sha256-4FbPESZ5LbqQxkJJJBAfk/zKgF9h/4kyUwjjpJwYlbc=",
        "owner": "NixOS",
        "repo": "nixpkgs",
        "rev": "f38a1f04d1bec1feb61fd101a0539ae2002a7087",
        "type": "github"
      },
      "original": {
        "id": "nixpkgs",
        "type": "indirect"
      }
    },
    "root": {
      "inputs": {
        "flakeNimbleLib": "flakeNimbleLib",
        "moss_nim-main": "moss_nim-main",
        "nixpkgs": "nixpkgs"
      }
    },
    "src-moss_nim-main": {
      "flake": false,
      "locked": {
        "lastModified": 1614872080,
        "narHash": "sha256-3Qezojw/XF6l37Wg3DxE2XfHJPjIlbur/G9g+sABLQg=",
        "owner": "D4D3VD4V3",
        "repo": "moss_nim",
        "rev": "debfb6f16f5652b6bb9168a55d6169e250b5039b",
        "type": "github"
      },
      "original": {
        "owner": "D4D3VD4V3",
        "ref": "refs/heads/main",
        "repo": "moss_nim",
        "type": "github"
      }
    }
  },
  "root": "root",
  "version": 7
}
